{
  "name": "keri-coop-client",
  "lockfileVersion": 3,
  "requires": true,
  "packages": {
    "": {
      "name": "keri-coop-client",
      "dependencies": {
        "blake3": "^2.1.7",
        "tweetnacl": "^1.0.3"
      }
    },
    "node_modules/blake3": {
      "version": "2.1.7",
      "resolved": "https://registry.npmjs.org/blake3/-/blake3-2.1.7.tgz",
      "integrity": "sha512-5d+TdKJvju96IyEaGJ0eO6CHbckWi+NBrCezGYM/WsnI3R03aLL2TWfsuZSh1rs0fTv/L3ps/r0vykjYurcIwA==",
      "hasInstallScript": true,
      "license": "MIT"
    },
    "node_modules/tweetnacl": {
      "version": "1.0.3",
      "resolved": "https://registry.npmjs.org/tweetnacl/-/tweetnacl-1.0.3.tgz",
      "integrity": "sha512-6rt+RN7aOi1nGMyC4Xa5DdYiukl2UWCbcJft7YhxReBGQD7OAM8Pbxw6YMo4r2diNEA8FEmu32YOn9rhaiE5yw==",
      "license": "Unlicense"
    }
  }
}
